
Microsoft Visual Studio Solution File, Format Version 12.00
# Visual Studio 2013
VisualStudioVersion = 12.0.30110.0
MinimumVisualStudioVersion = 10.0.40219.1
Project("{FAE04EC0-301F-11D3-BF4B-00C04F79EFBC}") = "PListFormatter", "PListGenerator\PListFormatter.csproj", "{95F2C28B-B3C8-4804-AA0C-609506B435E4}"
EndProject
Project("{FAE04EC0-301F-11D3-BF4B-00C04F79EFBC}") = "PListFormatter.Tests", "PList.Tests\PListFormatter.Tests.csproj", "{469AB69E-0135-4A7F-9426-846D8A4E00C2}"
EndProject
Global
	GlobalSection(SolutionConfigurationPlatforms) = preSolution
		Debug|Any CPU = Debug|Any CPU
		Release|Any CPU = Release|Any CPU
	EndGlobalSection
	GlobalSection(ProjectConfigurationPlatforms) = postSolution
		{95F2C28B-B3C8-4804-AA0C-609506B435E4}.Debug|Any CPU.ActiveCfg = Debug|Any CPU
		{95F2C28B-B3C8-4804-AA0C-609506B435E4}.Debug|Any CPU.Build.0 = Debug|Any CPU
		{95F2C28B-B3C8-4804-AA0C-609506B435E4}.Release|Any CPU.ActiveCfg = Release|Any CPU
		{95F2C28B-B3C8-4804-AA0C-609506B435E4}.Release|Any CPU.Build.0 = Release|Any CPU
		{469AB69E-0135-4A7F-9426-846D8A4E00C2}.Debug|Any CPU.ActiveCfg = Debug|Any CPU
		{469AB69E-0135-4A7F-9426-846D8A4E00C2}.Debug|Any CPU.Build.0 = Debug|Any CPU
		{469AB69E-0135-4A7F-9426-846D8A4E00C2}.Release|Any CPU.ActiveCfg = Release|Any CPU
		{469AB69E-0135-4A7F-9426-846D8A4E00C2}.Release|Any CPU.Build.0 = Release|Any CPU
	EndGlobalSection
	GlobalSection(SolutionProperties) = preSolution
		HideSolutionNode = FALSE
	EndGlobalSection
EndGlobal
